
Microsoft Visual Studio Solution File, Format Version 12.00
# Visual Studio Version 17
VisualStudioVersion = 17.9.34616.47
MinimumVisualStudioVersion = 10.0.40219.1
Project("{FAE04EC0-301F-11D3-BF4B-00C04F79EFBC}") = "login gui 2", "login gui 2\login gui 2.csproj", "{A81DFAC1-3633-4760-A6D0-C8055721EFC9}"
EndProject
Global
	GlobalSection(SolutionConfigurationPlatforms) = preSolution
		Debug|Any CPU = Debug|Any CPU
		Release|Any CPU = Release|Any CPU
	EndGlobalSection
	GlobalSection(ProjectConfigurationPlatforms) = postSolution
		{A81DFAC1-3633-4760-A6D0-C8055721EFC9}.Debug|Any CPU.ActiveCfg = Debug|Any CPU
		{A81DFAC1-3633-4760-A6D0-C8055721EFC9}.Debug|Any CPU.Build.0 = Debug|Any CPU
		{A81DFAC1-3633-4760-A6D0-C8055721EFC9}.Release|Any CPU.ActiveCfg = Release|Any CPU
		{A81DFAC1-3633-4760-A6D0-C8055721EFC9}.Release|Any CPU.Build.0 = Release|Any CPU
	EndGlobalSection
	GlobalSection(SolutionProperties) = preSolution
		HideSolutionNode = FALSE
	EndGlobalSection
	GlobalSection(ExtensibilityGlobals) = postSolution
		SolutionGuid = {1464C114-A7CB-4F41-91BF-A6BEC762A3AF}
	EndGlobalSection
EndGlobal
